
Microsoft Visual Studio Solution File, Format Version 12.00
# Visual Studio Version 16
VisualStudioVersion = 16.0.29926.136
MinimumVisualStudioVersion = 10.0.40219.1
Project("{FAE04EC0-301F-11D3-BF4B-00C04F79EFBC}") = "ApiAuthenticationWithApiKey", "ApiAuthenticationWithApiKey.csproj", "{2094DB6B-5DAA-4601-937B-383FF752B8DD}"
EndProject
Global
	GlobalSection(SolutionConfigurationPlatforms) = preSolution
		Debug|Any CPU = Debug|Any CPU
		Release|Any CPU = Release|Any CPU
	EndGlobalSection
	GlobalSection(ProjectConfigurationPlatforms) = postSolution
		{2094DB6B-5DAA-4601-937B-383FF752B8DD}.Debug|Any CPU.ActiveCfg = Debug|Any CPU
		{2094DB6B-5DAA-4601-937B-383FF752B8DD}.Debug|Any CPU.Build.0 = Debug|Any CPU
		{2094DB6B-5DAA-4601-937B-383FF752B8DD}.Release|Any CPU.ActiveCfg = Release|Any CPU
		{2094DB6B-5DAA-4601-937B-383FF752B8DD}.Release|Any CPU.Build.0 = Release|Any CPU
	EndGlobalSection
	GlobalSection(SolutionProperties) = preSolution
		HideSolutionNode = FALSE
	EndGlobalSection
	GlobalSection(ExtensibilityGlobals) = postSolution
		SolutionGuid = {44321EA8-0A2F-42CD-84F9-A679E26D32CA}
	EndGlobalSection
EndGlobal
